
Microsoft Visual Studio Solution File, Format Version 12.00
# Visual Studio Version 17
VisualStudioVersion = 17.6.33829.357
MinimumVisualStudioVersion = 10.0.40219.1
Project("{9A19103F-16F7-4668-BE54-9A1E7A4F7556}") = "NanyaPasswordManager", "NanyaPasswordManager\NanyaPasswordManager.csproj", "{47D79061-E685-445C-AA29-9AF2CFFFFB91}"
EndProject
Project("{9A19103F-16F7-4668-BE54-9A1E7A4F7556}") = "NanyaPasswordManager.Model", "NanyaPasswordManager.Model\NanyaPasswordManager.Model.csproj", "{97F2956A-F891-4FB8-8187-DB4BA1056546}"
EndProject
Project("{9A19103F-16F7-4668-BE54-9A1E7A4F7556}") = "NanyaPasswordManager.Data", "NanyaPasswordManager.Data\NanyaPasswordManager.Data.csproj", "{B34031D9-5DBF-4830-808B-9316DD3837B5}"
EndProject
Project("{FAE04EC0-301F-11D3-BF4B-00C04F79EFBC}") = "NanyaPasswordManager.Core", "NanyaPasswordManager.Core\NanyaPasswordManager.Core.csproj", "{D10A9B45-DB65-4CBF-ADA9-515E937BDDBF}"
EndProject
Global
	GlobalSection(SolutionConfigurationPlatforms) = preSolution
		Debug|Any CPU = Debug|Any CPU
		Release|Any CPU = Release|Any CPU
	EndGlobalSection
	GlobalSection(ProjectConfigurationPlatforms) = postSolution
		{47D79061-E685-445C-AA29-9AF2CFFFFB91}.Debug|Any CPU.ActiveCfg = Debug|Any CPU
		{47D79061-E685-445C-AA29-9AF2CFFFFB91}.Debug|Any CPU.Build.0 = Debug|Any CPU
		{47D79061-E685-445C-AA29-9AF2CFFFFB91}.Release|Any CPU.ActiveCfg = Release|Any CPU
		{47D79061-E685-445C-AA29-9AF2CFFFFB91}.Release|Any CPU.Build.0 = Release|Any CPU
		{97F2956A-F891-4FB8-8187-DB4BA1056546}.Debug|Any CPU.ActiveCfg = Debug|Any CPU
		{97F2956A-F891-4FB8-8187-DB4BA1056546}.Debug|Any CPU.Build.0 = Debug|Any CPU
		{97F2956A-F891-4FB8-8187-DB4BA1056546}.Release|Any CPU.ActiveCfg = Release|Any CPU
		{97F2956A-F891-4FB8-8187-DB4BA1056546}.Release|Any CPU.Build.0 = Release|Any CPU
		{B34031D9-5DBF-4830-808B-9316DD3837B5}.Debug|Any CPU.ActiveCfg = Debug|Any CPU
		{B34031D9-5DBF-4830-808B-9316DD3837B5}.Debug|Any CPU.Build.0 = Debug|Any CPU
		{B34031D9-5DBF-4830-808B-9316DD3837B5}.Release|Any CPU.ActiveCfg = Release|Any CPU
		{B34031D9-5DBF-4830-808B-9316DD3837B5}.Release|Any CPU.Build.0 = Release|Any CPU
		{D10A9B45-DB65-4CBF-ADA9-515E937BDDBF}.Debug|Any CPU.ActiveCfg = Debug|Any CPU
		{D10A9B45-DB65-4CBF-ADA9-515E937BDDBF}.Debug|Any CPU.Build.0 = Debug|Any CPU
		{D10A9B45-DB65-4CBF-ADA9-515E937BDDBF}.Release|Any CPU.ActiveCfg = Release|Any CPU
		{D10A9B45-DB65-4CBF-ADA9-515E937BDDBF}.Release|Any CPU.Build.0 = Release|Any CPU
	EndGlobalSection
	GlobalSection(SolutionProperties) = preSolution
		HideSolutionNode = FALSE
	EndGlobalSection
	GlobalSection(ExtensibilityGlobals) = postSolution
		SolutionGuid = {1D7A7569-E779-4428-87DA-2CFB99E5CA01}
	EndGlobalSection
EndGlobal
